
Microsoft Visual Studio Solution File, Format Version 12.00
# Visual Studio Version 17
VisualStudioVersion = 17.11.35312.102
MinimumVisualStudioVersion = 10.0.40219.1
Project("{FAE04EC0-301F-11D3-BF4B-00C04F79EFBC}") = "ChainOfResponsibilityPattern", "ChainOfResponsibilityPattern.csproj", "{2EDCBA79-D897-497A-A493-3591880F09A4}"
EndProject
Global
	GlobalSection(SolutionConfigurationPlatforms) = preSolution
		Debug|Any CPU = Debug|Any CPU
		Release|Any CPU = Release|Any CPU
	EndGlobalSection
	GlobalSection(ProjectConfigurationPlatforms) = postSolution
		{2EDCBA79-D897-497A-A493-3591880F09A4}.Debug|Any CPU.ActiveCfg = Debug|Any CPU
		{2EDCBA79-D897-497A-A493-3591880F09A4}.Debug|Any CPU.Build.0 = Debug|Any CPU
		{2EDCBA79-D897-497A-A493-3591880F09A4}.Release|Any CPU.ActiveCfg = Release|Any CPU
		{2EDCBA79-D897-497A-A493-3591880F09A4}.Release|Any CPU.Build.0 = Release|Any CPU
	EndGlobalSection
	GlobalSection(SolutionProperties) = preSolution
		HideSolutionNode = FALSE
	EndGlobalSection
	GlobalSection(ExtensibilityGlobals) = postSolution
		SolutionGuid = {EF329917-6EA8-4642-BAFF-89215ACD392E}
	EndGlobalSection
EndGlobal
