
Microsoft Visual Studio Solution File, Format Version 12.00
# Visual Studio Version 17
VisualStudioVersion = 17.11.35312.102
MinimumVisualStudioVersion = 10.0.40219.1
Project("{FAE04EC0-301F-11D3-BF4B-00C04F79EFBC}") = "LiskovSubstitution", "LiskovSubstitution.csproj", "{6A827943-D4F0-4C1B-83FD-499D43B3632A}"
EndProject
Global
	GlobalSection(SolutionConfigurationPlatforms) = preSolution
		Debug|Any CPU = Debug|Any CPU
		Release|Any CPU = Release|Any CPU
	EndGlobalSection
	GlobalSection(ProjectConfigurationPlatforms) = postSolution
		{6A827943-D4F0-4C1B-83FD-499D43B3632A}.Debug|Any CPU.ActiveCfg = Debug|Any CPU
		{6A827943-D4F0-4C1B-83FD-499D43B3632A}.Debug|Any CPU.Build.0 = Debug|Any CPU
		{6A827943-D4F0-4C1B-83FD-499D43B3632A}.Release|Any CPU.ActiveCfg = Release|Any CPU
		{6A827943-D4F0-4C1B-83FD-499D43B3632A}.Release|Any CPU.Build.0 = Release|Any CPU
	EndGlobalSection
	GlobalSection(SolutionProperties) = preSolution
		HideSolutionNode = FALSE
	EndGlobalSection
	GlobalSection(ExtensibilityGlobals) = postSolution
		SolutionGuid = {19434A8A-95AC-4E64-B5A8-4F75E1B8C832}
	EndGlobalSection
EndGlobal
