
Microsoft Visual Studio Solution File, Format Version 12.00
# Visual Studio Version 17
VisualStudioVersion = 17.11.35312.102
MinimumVisualStudioVersion = 10.0.40219.1
Project("{9A19103F-16F7-4668-BE54-9A1E7A4F7556}") = "FacadePattern", "FacadePattern.csproj", "{356A71A1-5890-4DDB-907D-B63435068BD4}"
EndProject
Project("{FAE04EC0-301F-11D3-BF4B-00C04F79EFBC}") = "TemplatePattern", "..\TemplatePattern\TemplatePattern.csproj", "{D2EED30A-01EB-45FB-BF18-DBC1D4C13431}"
EndProject
Global
	GlobalSection(SolutionConfigurationPlatforms) = preSolution
		Debug|Any CPU = Debug|Any CPU
		Release|Any CPU = Release|Any CPU
	EndGlobalSection
	GlobalSection(ProjectConfigurationPlatforms) = postSolution
		{356A71A1-5890-4DDB-907D-B63435068BD4}.Debug|Any CPU.ActiveCfg = Debug|Any CPU
		{356A71A1-5890-4DDB-907D-B63435068BD4}.Debug|Any CPU.Build.0 = Debug|Any CPU
		{356A71A1-5890-4DDB-907D-B63435068BD4}.Release|Any CPU.ActiveCfg = Release|Any CPU
		{356A71A1-5890-4DDB-907D-B63435068BD4}.Release|Any CPU.Build.0 = Release|Any CPU
		{D2EED30A-01EB-45FB-BF18-DBC1D4C13431}.Debug|Any CPU.ActiveCfg = Debug|Any CPU
		{D2EED30A-01EB-45FB-BF18-DBC1D4C13431}.Debug|Any CPU.Build.0 = Debug|Any CPU
		{D2EED30A-01EB-45FB-BF18-DBC1D4C13431}.Release|Any CPU.ActiveCfg = Release|Any CPU
		{D2EED30A-01EB-45FB-BF18-DBC1D4C13431}.Release|Any CPU.Build.0 = Release|Any CPU
	EndGlobalSection
	GlobalSection(SolutionProperties) = preSolution
		HideSolutionNode = FALSE
	EndGlobalSection
	GlobalSection(ExtensibilityGlobals) = postSolution
		SolutionGuid = {845C3989-09A0-4554-9D75-2367D6029DBC}
	EndGlobalSection
EndGlobal
