
Microsoft Visual Studio Solution File, Format Version 12.00
# Visual Studio Version 17
VisualStudioVersion = 17.11.35312.102
MinimumVisualStudioVersion = 10.0.40219.1
Project("{FAE04EC0-301F-11D3-BF4B-00C04F79EFBC}") = "FactoryDesignPattern", "FactoryDesignPattern.csproj", "{DC340C2C-D339-436E-A39A-5D4CE3E8748B}"
EndProject
Project("{FAE04EC0-301F-11D3-BF4B-00C04F79EFBC}") = "SimpleFactory", "..\..\FactoryDesignPattern\SimpleFactory\SimpleFactory\SimpleFactory.csproj", "{AF2240BF-1425-4C50-B43D-329E5A23B71A}"
EndProject
Global
	GlobalSection(SolutionConfigurationPlatforms) = preSolution
		Debug|Any CPU = Debug|Any CPU
		Release|Any CPU = Release|Any CPU
	EndGlobalSection
	GlobalSection(ProjectConfigurationPlatforms) = postSolution
		{DC340C2C-D339-436E-A39A-5D4CE3E8748B}.Debug|Any CPU.ActiveCfg = Debug|Any CPU
		{DC340C2C-D339-436E-A39A-5D4CE3E8748B}.Debug|Any CPU.Build.0 = Debug|Any CPU
		{DC340C2C-D339-436E-A39A-5D4CE3E8748B}.Release|Any CPU.ActiveCfg = Release|Any CPU
		{DC340C2C-D339-436E-A39A-5D4CE3E8748B}.Release|Any CPU.Build.0 = Release|Any CPU
		{AF2240BF-1425-4C50-B43D-329E5A23B71A}.Debug|Any CPU.ActiveCfg = Debug|Any CPU
		{AF2240BF-1425-4C50-B43D-329E5A23B71A}.Debug|Any CPU.Build.0 = Debug|Any CPU
		{AF2240BF-1425-4C50-B43D-329E5A23B71A}.Release|Any CPU.ActiveCfg = Release|Any CPU
		{AF2240BF-1425-4C50-B43D-329E5A23B71A}.Release|Any CPU.Build.0 = Release|Any CPU
	EndGlobalSection
	GlobalSection(SolutionProperties) = preSolution
		HideSolutionNode = FALSE
	EndGlobalSection
	GlobalSection(ExtensibilityGlobals) = postSolution
		SolutionGuid = {50734161-751D-47E9-8E4D-A0F2ACD86192}
	EndGlobalSection
EndGlobal
